
Microsoft Visual Studio Solution File, Format Version 12.00
# Visual Studio 2013
VisualStudioVersion = 12.0.30110.0
MinimumVisualStudioVersion = 10.0.40219.1
Project("{FAE04EC0-301F-11D3-BF4B-00C04F79EFBC}") = "FizzBuzz", "FizzBuzz.csproj", "{016E5E94-8262-40DB-9E54-16E1FB03CB99}"
EndProject
Project("{FAE04EC0-301F-11D3-BF4B-00C04F79EFBC}") = "FizzBuzzTests", "FizzBuzzTests\FizzBuzzTests.csproj", "{3CCB620D-E8B9-4B50-8BFE-B8511B7DFF74}"
EndProject
Global
	GlobalSection(SolutionConfigurationPlatforms) = preSolution
		Debug|Any CPU = Debug|Any CPU
		Release|Any CPU = Release|Any CPU
	EndGlobalSection
	GlobalSection(ProjectConfigurationPlatforms) = postSolution
		{016E5E94-8262-40DB-9E54-16E1FB03CB99}.Debug|Any CPU.ActiveCfg = Debug|Any CPU
		{016E5E94-8262-40DB-9E54-16E1FB03CB99}.Debug|Any CPU.Build.0 = Debug|Any CPU
		{016E5E94-8262-40DB-9E54-16E1FB03CB99}.Release|Any CPU.ActiveCfg = Release|Any CPU
		{016E5E94-8262-40DB-9E54-16E1FB03CB99}.Release|Any CPU.Build.0 = Release|Any CPU
		{3CCB620D-E8B9-4B50-8BFE-B8511B7DFF74}.Debug|Any CPU.ActiveCfg = Debug|Any CPU
		{3CCB620D-E8B9-4B50-8BFE-B8511B7DFF74}.Debug|Any CPU.Build.0 = Debug|Any CPU
		{3CCB620D-E8B9-4B50-8BFE-B8511B7DFF74}.Release|Any CPU.ActiveCfg = Release|Any CPU
		{3CCB620D-E8B9-4B50-8BFE-B8511B7DFF74}.Release|Any CPU.Build.0 = Release|Any CPU
	EndGlobalSection
	GlobalSection(SolutionProperties) = preSolution
		HideSolutionNode = FALSE
	EndGlobalSection
EndGlobal
